dependencies:
- name: kafka
  repository: file://../kafka
  version: 1.0.0
- name: zookeeper
  repository: file://../zookeeper
  version: 1.0.0
- name: database
  repository: file://../database
  version: 1.0.0
digest: sha256:764df00df82db10552f53d1926f4ada160385e20957d1f332d43ba500905a879
generated: "2021-11-23T17:49:22.580602+02:00"
